
Microsoft Visual Studio Solution File, Format Version 12.00
# Visual Studio 15
VisualStudioVersion = 15.0.28010.2016
MinimumVisualStudioVersion = 10.0.40219.1
Project("{FAE04EC0-301F-11D3-BF4B-00C04F79EFBC}") = "factoryconsoleApp", "factoryconsoleApp\factoryconsoleApp.csproj", "{6BD9D3BE-2EDF-43F5-BA36-3D7F468A2DF8}"
EndProject
Global
	GlobalSection(SolutionConfigurationPlatforms) = preSolution
		Debug|Any CPU = Debug|Any CPU
		Release|Any CPU = Release|Any CPU
	EndGlobalSection
	GlobalSection(ProjectConfigurationPlatforms) = postSolution
		{6BD9D3BE-2EDF-43F5-BA36-3D7F468A2DF8}.Debug|Any CPU.ActiveCfg = Debug|Any CPU
		{6BD9D3BE-2EDF-43F5-BA36-3D7F468A2DF8}.Debug|Any CPU.Build.0 = Debug|Any CPU
		{6BD9D3BE-2EDF-43F5-BA36-3D7F468A2DF8}.Release|Any CPU.ActiveCfg = Release|Any CPU
		{6BD9D3BE-2EDF-43F5-BA36-3D7F468A2DF8}.Release|Any CPU.Build.0 = Release|Any CPU
	EndGlobalSection
	GlobalSection(SolutionProperties) = preSolution
		HideSolutionNode = FALSE
	EndGlobalSection
	GlobalSection(ExtensibilityGlobals) = postSolution
		SolutionGuid = {41871DD8-52E5-4665-BE76-F3F0013F3258}
	EndGlobalSection
EndGlobal
